// !$*UTF8*$!
{
	archiveVersion = 1;
	classes = {
	};
	objectVersion = 55;
	objects = {

/* Begin PBXBuildFile section */
		091854592849586E000B0D62 /* AppDelegate.swift in Sources */ = {isa = PBXBuildFile; fileRef = 091854582849586E000B0D62 /* AppDelegate.swift */; };
		091854632849586E000B0D62 /* GoodsmartNews.xcdatamodeld in Sources */ = {isa = PBXBuildFile; fileRef = 091854612849586E000B0D62 /* GoodsmartNews.xcdatamodeld */; };
		0918546528495870000B0D62 /* Assets.xcassets in Resources */ = {isa = PBXBuildFile; fileRef = 0918546428495870000B0D62 /* Assets.xcassets */; };
		0918546828495870000B0D62 /* LaunchScreen.storyboard in Resources */ = {isa = PBXBuildFile; fileRef = 0918546628495870000B0D62 /* LaunchScreen.storyboard */; };
		0918547D28495871000B0D62 /* GoodsmartNewsUITests.swift in Sources */ = {isa = PBXBuildFile; fileRef = 0918547C28495871000B0D62 /* GoodsmartNewsUITests.swift */; };
		0918547F28495871000B0D62 /* GoodsmartNewsUITestsLaunchTests.swift in Sources */ = {isa = PBXBuildFile; fileRef = 0918547E28495871000B0D62 /* GoodsmartNewsUITestsLaunchTests.swift */; };
		09F0EF2A2849A846008F6E9B /* StockTicker.swift in Sources */ = {isa = PBXBuildFile; fileRef = 09F0EF292849A846008F6E9B /* StockTicker.swift */; };
		09F0EF2C2849A917008F6E9B /* Article.swift in Sources */ = {isa = PBXBuildFile; fileRef = 09F0EF2B2849A917008F6E9B /* Article.swift */; };
		09F0EF2F2849AAF1008F6E9B /* GetStockTickersUseCase.swift in Sources */ = {isa = PBXBuildFile; fileRef = 09F0EF2E2849AAF1008F6E9B /* GetStockTickersUseCase.swift */; };
		09F0EF312849AB13008F6E9B /* GetNewsUseCase.swift in Sources */ = {isa = PBXBuildFile; fileRef = 09F0EF302849AB13008F6E9B /* GetNewsUseCase.swift */; };
		09F0EF392849AD52008F6E9B /* GetStockTickersUseCaseTests.swift in Sources */ = {isa = PBXBuildFile; fileRef = 09F0EF382849AD52008F6E9B /* GetStockTickersUseCaseTests.swift */; };
		09F0EF3C2849ADE6008F6E9B /* StocksRepository.swift in Sources */ = {isa = PBXBuildFile; fileRef = 09F0EF3B2849ADE6008F6E9B /* StocksRepository.swift */; };
		09F0EF3F2849AF3C008F6E9B /* MockStocksRepository.swift in Sources */ = {isa = PBXBuildFile; fileRef = 09F0EF3E2849AF3C008F6E9B /* MockStocksRepository.swift */; };
		09F0EF412849BDE0008F6E9B /* NewsRepository.swift in Sources */ = {isa = PBXBuildFile; fileRef = 09F0EF402849BDE0008F6E9B /* NewsRepository.swift */; };
		09F0EF452849BEF3008F6E9B /* GetNewsUseCaseTests.swift in Sources */ = {isa = PBXBuildFile; fileRef = 09F0EF442849BEF3008F6E9B /* GetNewsUseCaseTests.swift */; };
		09F0EF472849BF23008F6E9B /* MockNewsRepository.swift in Sources */ = {isa = PBXBuildFile; fileRef = 09F0EF462849BF23008F6E9B /* MockNewsRepository.swift */; };
		1566B221E3EF1AF9B1033221 /* Pods_GoodsmartNews.framework in Frameworks */ = {isa = PBXBuildFile; fileRef = 534B67B96D2B95F32AC9DE8E /* Pods_GoodsmartNews.framework */; };
		47DF4201896A4DAE1E332FA2 /* Pods_GoodsmartNews_GoodsmartNewsUITests.framework in Frameworks */ = {isa = PBXBuildFile; fileRef = C7C47BA7439122B43AEB88C2 /* Pods_GoodsmartNews_GoodsmartNewsUITests.framework */; };
		B1D9D00D8BB33918DC0A5D32 /* Pods_GoodsmartNewsTests.framework in Frameworks */ = {isa = PBXBuildFile; fileRef = 1BCA46A906F6D8D091398801 /* Pods_GoodsmartNewsTests.framework */; };
/* End PBXBuildFile section */

/* Begin PBXContainerItemProxy section */
		0918546F28495871000B0D62 /* PBXContainerItemProxy */ = {
			isa = PBXContainerItemProxy;
			containerPortal = 0918544D2849586E000B0D62 /* Project object */;
			proxyType = 1;
			remoteGlobalIDString = 091854542849586E000B0D62;
			remoteInfo = GoodsmartNews;
		};
		0918547928495871000B0D62 /* PBXContainerItemProxy */ = {
			isa = PBXContainerItemProxy;
			containerPortal = 0918544D2849586E000B0D62 /* Project object */;
			proxyType = 1;
			remoteGlobalIDString = 091854542849586E000B0D62;
			remoteInfo = GoodsmartNews;
		};
/* End PBXContainerItemProxy section */

/* Begin PBXFileReference section */
		081EFE022390365297AD7ADB /* Pods-GoodsmartNews-GoodsmartNewsUITests.release.xcconfig */ = {isa = PBXFileReference; includeInIndex = 1; lastKnownFileType = text.xcconfig; name = "Pods-GoodsmartNews-GoodsmartNewsUITests.release.xcconfig"; path = "Target Support Files/Pods-GoodsmartNews-GoodsmartNewsUITests/Pods-GoodsmartNews-GoodsmartNewsUITests.release.xcconfig"; sourceTree = "<group>"; };
		091854552849586E000B0D62 /* GoodsmartNews.app */ = {isa = PBXFileReference; explicitFileType = wrapper.application; includeInIndex = 0; path = GoodsmartNews.app; sourceTree = BUILT_PRODUCTS_DIR; };
		091854582849586E000B0D62 /* AppDelegate.swift */ = {isa = PBXFileReference; lastKnownFileType = sourcecode.swift; path = AppDelegate.swift; sourceTree = "<group>"; };
		091854622849586E000B0D62 /* GoodsmartNews.xcdatamodel */ = {isa = PBXFileReference; lastKnownFileType = wrapper.xcdatamodel; path = GoodsmartNews.xcdatamodel; sourceTree = "<group>"; };
		0918546428495870000B0D62 /* Assets.xcassets */ = {isa = PBXFileReference; lastKnownFileType = folder.assetcatalog; path = Assets.xcassets; sourceTree = "<group>"; };
		0918546728495870000B0D62 /* Base */ = {isa = PBXFileReference; lastKnownFileType = file.storyboard; name = Base; path = Base.lproj/LaunchScreen.storyboard; sourceTree = "<group>"; };
		0918546928495871000B0D62 /* Info.plist */ = {isa = PBXFileReference; lastKnownFileType = text.plist.xml; path = Info.plist; sourceTree = "<group>"; };
		0918546E28495871000B0D62 /* GoodsmartNewsTests.xctest */ = {isa = PBXFileReference; explicitFileType = wrapper.cfbundle; includeInIndex = 0; path = GoodsmartNewsTests.xctest; sourceTree = BUILT_PRODUCTS_DIR; };
		0918547828495871000B0D62 /* GoodsmartNewsUITests.xctest */ = {isa = PBXFileReference; explicitFileType = wrapper.cfbundle; includeInIndex = 0; path = GoodsmartNewsUITests.xctest; sourceTree = BUILT_PRODUCTS_DIR; };
		0918547C28495871000B0D62 /* GoodsmartNewsUITests.swift */ = {isa = PBXFileReference; lastKnownFileType = sourcecode.swift; path = GoodsmartNewsUITests.swift; sourceTree = "<group>"; };
		0918547E28495871000B0D62 /* GoodsmartNewsUITestsLaunchTests.swift */ = {isa = PBXFileReference; lastKnownFileType = sourcecode.swift; path = GoodsmartNewsUITestsLaunchTests.swift; sourceTree = "<group>"; };
		09F0EF292849A846008F6E9B /* StockTicker.swift */ = {isa = PBXFileReference; lastKnownFileType = sourcecode.swift; path = StockTicker.swift; sourceTree = "<group>"; };
		09F0EF2B2849A917008F6E9B /* Article.swift */ = {isa = PBXFileReference; lastKnownFileType = sourcecode.swift; path = Article.swift; sourceTree = "<group>"; };
		09F0EF2E2849AAF1008F6E9B /* GetStockTickersUseCase.swift */ = {isa = PBXFileReference; lastKnownFileType = sourcecode.swift; path = GetStockTickersUseCase.swift; sourceTree = "<group>"; };
		09F0EF302849AB13008F6E9B /* GetNewsUseCase.swift */ = {isa = PBXFileReference; lastKnownFileType = sourcecode.swift; path = GetNewsUseCase.swift; sourceTree = "<group>"; };
		09F0EF382849AD52008F6E9B /* GetStockTickersUseCaseTests.swift */ = {isa = PBXFileReference; lastKnownFileType = sourcecode.swift; path = GetStockTickersUseCaseTests.swift; sourceTree = "<group>"; };
		09F0EF3B2849ADE6008F6E9B /* StocksRepository.swift */ = {isa = PBXFileReference; lastKnownFileType = sourcecode.swift; path = StocksRepository.swift; sourceTree = "<group>"; };
		09F0EF3E2849AF3C008F6E9B /* MockStocksRepository.swift */ = {isa = PBXFileReference; lastKnownFileType = sourcecode.swift; path = MockStocksRepository.swift; sourceTree = "<group>"; };
		09F0EF402849BDE0008F6E9B /* NewsRepository.swift */ = {isa = PBXFileReference; lastKnownFileType = sourcecode.swift; path = NewsRepository.swift; sourceTree = "<group>"; };
		09F0EF442849BEF3008F6E9B /* GetNewsUseCaseTests.swift */ = {isa = PBXFileReference; lastKnownFileType = sourcecode.swift; path = GetNewsUseCaseTests.swift; sourceTree = "<group>"; };
		09F0EF462849BF23008F6E9B /* MockNewsRepository.swift */ = {isa = PBXFileReference; lastKnownFileType = sourcecode.swift; path = MockNewsRepository.swift; sourceTree = "<group>"; };
		1BCA46A906F6D8D091398801 /* Pods_GoodsmartNewsTests.framework */ = {isa = PBXFileReference; explicitFileType = wrapper.framework; includeInIndex = 0; path = Pods_GoodsmartNewsTests.framework; sourceTree = BUILT_PRODUCTS_DIR; };
		27472761A15FF0E4CCE08085 /* Pods-GoodsmartNews-GoodsmartNewsUITests.debug.xcconfig */ = {isa = PBXFileReference; includeInIndex = 1; lastKnownFileType = text.xcconfig; name = "Pods-GoodsmartNews-GoodsmartNewsUITests.debug.xcconfig"; path = "Target Support Files/Pods-GoodsmartNews-GoodsmartNewsUITests/Pods-GoodsmartNews-GoodsmartNewsUITests.debug.xcconfig"; sourceTree = "<group>"; };
		2ED14C4ECFA79D7B1941264B /* Pods-GoodsmartNewsTests.release.xcconfig */ = {isa = PBXFileReference; includeInIndex = 1; lastKnownFileType = text.xcconfig; name = "Pods-GoodsmartNewsTests.release.xcconfig"; path = "Target Support Files/Pods-GoodsmartNewsTests/Pods-GoodsmartNewsTests.release.xcconfig"; sourceTree = "<group>"; };
		492636FD34FB67C4C9AD5B91 /* Pods-GoodsmartNews.release.xcconfig */ = {isa = PBXFileReference; includeInIndex = 1; lastKnownFileType = text.xcconfig; name = "Pods-GoodsmartNews.release.xcconfig"; path = "Target Support Files/Pods-GoodsmartNews/Pods-GoodsmartNews.release.xcconfig"; sourceTree = "<group>"; };
		534B67B96D2B95F32AC9DE8E /* Pods_GoodsmartNews.framework */ = {isa = PBXFileReference; explicitFileType = wrapper.framework; includeInIndex = 0; path = Pods_GoodsmartNews.framework; sourceTree = BUILT_PRODUCTS_DIR; };
		8C6BFF51C3996D1F8E535EB5 /* Pods-GoodsmartNewsTests.debug.xcconfig */ = {isa = PBXFileReference; includeInIndex = 1; lastKnownFileType = text.xcconfig; name = "Pods-GoodsmartNewsTests.debug.xcconfig"; path = "Target Support Files/Pods-GoodsmartNewsTests/Pods-GoodsmartNewsTests.debug.xcconfig"; sourceTree = "<group>"; };
		C0D7004EF61B17196DF3B49B /* Pods-GoodsmartNews.debug.xcconfig */ = {isa = PBXFileReference; includeInIndex = 1; lastKnownFileType = text.xcconfig; name = "Pods-GoodsmartNews.debug.xcconfig"; path = "Target Support Files/Pods-GoodsmartNews/Pods-GoodsmartNews.debug.xcconfig"; sourceTree = "<group>"; };
		C7C47BA7439122B43AEB88C2 /* Pods_GoodsmartNews_GoodsmartNewsUITests.framework */ = {isa = PBXFileReference; explicitFileType = wrapper.framework; includeInIndex = 0; path = Pods_GoodsmartNews_GoodsmartNewsUITests.framework; sourceTree = BUILT_PRODUCTS_DIR; };
/* End PBXFileReference section */

/* Begin PBXFrameworksBuildPhase section */
		091854522849586E000B0D62 /* Frameworks */ = {
			isa = PBXFrameworksBuildPhase;
			buildActionMask = 2147483647;
			files = (
				1566B221E3EF1AF9B1033221 /* Pods_GoodsmartNews.framework in Frameworks */,
			);
			runOnlyForDeploymentPostprocessing = 0;
		};
		0918546B28495871000B0D62 /* Frameworks */ = {
			isa = PBXFrameworksBuildPhase;
			buildActionMask = 2147483647;
			files = (
				B1D9D00D8BB33918DC0A5D32 /* Pods_GoodsmartNewsTests.framework in Frameworks */,
			);
			runOnlyForDeploymentPostprocessing = 0;
		};
		0918547528495871000B0D62 /* Frameworks */ = {
			isa = PBXFrameworksBuildPhase;
			buildActionMask = 2147483647;
			files = (
				47DF4201896A4DAE1E332FA2 /* Pods_GoodsmartNews_GoodsmartNewsUITests.framework in Frameworks */,
			);
			runOnlyForDeploymentPostprocessing = 0;
		};
/* End PBXFrameworksBuildPhase section */

/* Begin PBXGroup section */
		0918544C2849586E000B0D62 = {
			isa = PBXGroup;
			children = (
				091854572849586E000B0D62 /* GoodsmartNews */,
				0918547128495871000B0D62 /* GoodsmartNewsTests */,
				0918547B28495871000B0D62 /* GoodsmartNewsUITests */,
				091854562849586E000B0D62 /* Products */,
				C388DA8768CDA23C6D72D044 /* Pods */,
				6C8E4CAEB8FFB59504A48274 /* Frameworks */,
			);
			sourceTree = "<group>";
		};
		091854562849586E000B0D62 /* Products */ = {
			isa = PBXGroup;
			children = (
				091854552849586E000B0D62 /* GoodsmartNews.app */,
				0918546E28495871000B0D62 /* GoodsmartNewsTests.xctest */,
				0918547828495871000B0D62 /* GoodsmartNewsUITests.xctest */,
			);
			name = Products;
			sourceTree = "<group>";
		};
		091854572849586E000B0D62 /* GoodsmartNews */ = {
			isa = PBXGroup;
			children = (
				0918548B2849588B000B0D62 /* NewsFeed */,
				091854582849586E000B0D62 /* AppDelegate.swift */,
				0918546428495870000B0D62 /* Assets.xcassets */,
				0918546628495870000B0D62 /* LaunchScreen.storyboard */,
				0918546928495871000B0D62 /* Info.plist */,
				091854612849586E000B0D62 /* GoodsmartNews.xcdatamodeld */,
			);
			path = GoodsmartNews;
			sourceTree = "<group>";
		};
		0918547128495871000B0D62 /* GoodsmartNewsTests */ = {
			isa = PBXGroup;
			children = (
				09F0EF342849AD0A008F6E9B /* Domain */,
			);
			path = GoodsmartNewsTests;
			sourceTree = "<group>";
		};
		0918547B28495871000B0D62 /* GoodsmartNewsUITests */ = {
			isa = PBXGroup;
			children = (
				0918547C28495871000B0D62 /* GoodsmartNewsUITests.swift */,
				0918547E28495871000B0D62 /* GoodsmartNewsUITestsLaunchTests.swift */,
			);
			path = GoodsmartNewsUITests;
			sourceTree = "<group>";
		};
		0918548B2849588B000B0D62 /* NewsFeed */ = {
			isa = PBXGroup;
			children = (
				0918548E284958B7000B0D62 /* UI */,
				0918548D284958B1000B0D62 /* Domain */,
				0918548C284958A7000B0D62 /* Data */,
			);
			path = NewsFeed;
			sourceTree = "<group>";
		};
		0918548C284958A7000B0D62 /* Data */ = {
			isa = PBXGroup;
			children = (
			);
			path = Data;
			sourceTree = "<group>";
		};
		0918548D284958B1000B0D62 /* Domain */ = {
			isa = PBXGroup;
			children = (
				09F0EF3A2849ADC2008F6E9B /* Repositories */,
				09F0EF2D2849AA98008F6E9B /* UseCases */,
				09F0EF282849A823008F6E9B /* Models */,
			);
			path = Domain;
			sourceTree = "<group>";
		};
		0918548E284958B7000B0D62 /* UI */ = {
			isa = PBXGroup;
			children = (
			);
			path = UI;
			sourceTree = "<group>";
		};
		09F0EF282849A823008F6E9B /* Models */ = {
			isa = PBXGroup;
			children = (
				09F0EF292849A846008F6E9B /* StockTicker.swift */,
				09F0EF2B2849A917008F6E9B /* Article.swift */,
			);
			path = Models;
			sourceTree = "<group>";
		};
		09F0EF2D2849AA98008F6E9B /* UseCases */ = {
			isa = PBXGroup;
			children = (
				09F0EF2E2849AAF1008F6E9B /* GetStockTickersUseCase.swift */,
				09F0EF302849AB13008F6E9B /* GetNewsUseCase.swift */,
			);
			path = UseCases;
			sourceTree = "<group>";
		};
		09F0EF342849AD0A008F6E9B /* Domain */ = {
			isa = PBXGroup;
			children = (
				09F0EF3D2849AF22008F6E9B /* Dummy */,
				09F0EF352849AD10008F6E9B /* UseCases */,
			);
			path = Domain;
			sourceTree = "<group>";
		};
		09F0EF352849AD10008F6E9B /* UseCases */ = {
			isa = PBXGroup;
			children = (
				09F0EF382849AD52008F6E9B /* GetStockTickersUseCaseTests.swift */,
				09F0EF442849BEF3008F6E9B /* GetNewsUseCaseTests.swift */,
			);
			path = UseCases;
			sourceTree = "<group>";
		};
		09F0EF3A2849ADC2008F6E9B /* Repositories */ = {
			isa = PBXGroup;
			children = (
				09F0EF3B2849ADE6008F6E9B /* StocksRepository.swift */,
				09F0EF402849BDE0008F6E9B /* NewsRepository.swift */,
			);
			path = Repositories;
			sourceTree = "<group>";
		};
		09F0EF3D2849AF22008F6E9B /* Dummy */ = {
			isa = PBXGroup;
			children = (
				09F0EF3E2849AF3C008F6E9B /* MockStocksRepository.swift */,
				09F0EF462849BF23008F6E9B /* MockNewsRepository.swift */,
			);
			path = Dummy;
			sourceTree = "<group>";
		};
		6C8E4CAEB8FFB59504A48274 /* Frameworks */ = {
			isa = PBXGroup;
			children = (
				534B67B96D2B95F32AC9DE8E /* Pods_GoodsmartNews.framework */,
				C7C47BA7439122B43AEB88C2 /* Pods_GoodsmartNews_GoodsmartNewsUITests.framework */,
				1BCA46A906F6D8D091398801 /* Pods_GoodsmartNewsTests.framework */,
			);
			name = Frameworks;
			sourceTree = "<group>";
		};
		C388DA8768CDA23C6D72D044 /* Pods */ = {
			isa = PBXGroup;
			children = (
				C0D7004EF61B17196DF3B49B /* Pods-GoodsmartNews.debug.xcconfig */,
				492636FD34FB67C4C9AD5B91 /* Pods-GoodsmartNews.release.xcconfig */,
				27472761A15FF0E4CCE08085 /* Pods-GoodsmartNews-GoodsmartNewsUITests.debug.xcconfig */,
				081EFE022390365297AD7ADB /* Pods-GoodsmartNews-GoodsmartNewsUITests.release.xcconfig */,
				8C6BFF51C3996D1F8E535EB5 /* Pods-GoodsmartNewsTests.debug.xcconfig */,
				2ED14C4ECFA79D7B1941264B /* Pods-GoodsmartNewsTests.release.xcconfig */,
			);
			path = Pods;
			sourceTree = "<group>";
		};
/* End PBXGroup section */

/* Begin PBXNativeTarget section */
		091854542849586E000B0D62 /* GoodsmartNews */ = {
			isa = PBXNativeTarget;
			buildConfigurationList = 0918548228495871000B0D62 /* Build configuration list for PBXNativeTarget "GoodsmartNews" */;
			buildPhases = (
				754FE78E0D7705666AD15B8A /* [CP] Check Pods Manifest.lock */,
				091854512849586E000B0D62 /* Sources */,
				091854522849586E000B0D62 /* Frameworks */,
				091854532849586E000B0D62 /* Resources */,
				1F8E5DD5819F1A72606E1C31 /* [CP] Embed Pods Frameworks */,
			);
			buildRules = (
			);
			dependencies = (
			);
			name = GoodsmartNews;
			productName = GoodsmartNews;
			productReference = 091854552849586E000B0D62 /* GoodsmartNews.app */;
			productType = "com.apple.product-type.application";
		};
		0918546D28495871000B0D62 /* GoodsmartNewsTests */ = {
			isa = PBXNativeTarget;
			buildConfigurationList = 0918548528495871000B0D62 /* Build configuration list for PBXNativeTarget "GoodsmartNewsTests" */;
			buildPhases = (
				E123BFD62922CF6B85F93CDE /* [CP] Check Pods Manifest.lock */,
				0918546A28495871000B0D62 /* Sources */,
				0918546B28495871000B0D62 /* Frameworks */,
				0918546C28495871000B0D62 /* Resources */,
			);
			buildRules = (
			);
			dependencies = (
				0918547028495871000B0D62 /* PBXTargetDependency */,
			);
			name = GoodsmartNewsTests;
			productName = GoodsmartNewsTests;
			productReference = 0918546E28495871000B0D62 /* GoodsmartNewsTests.xctest */;
			productType = "com.apple.product-type.bundle.unit-test";
		};
		0918547728495871000B0D62 /* GoodsmartNewsUITests */ = {
			isa = PBXNativeTarget;
			buildConfigurationList = 0918548828495871000B0D62 /* Build configuration list for PBXNativeTarget "GoodsmartNewsUITests" */;
			buildPhases = (
				534E367EBFD91EF68923A82A /* [CP] Check Pods Manifest.lock */,
				0918547428495871000B0D62 /* Sources */,
				0918547528495871000B0D62 /* Frameworks */,
				0918547628495871000B0D62 /* Resources */,
				CBDD2EE6B58B8A3526F2570C /* [CP] Embed Pods Frameworks */,
			);
			buildRules = (
			);
			dependencies = (
				0918547A28495871000B0D62 /* PBXTargetDependency */,
			);
			name = GoodsmartNewsUITests;
			productName = GoodsmartNewsUITests;
			productReference = 0918547828495871000B0D62 /* GoodsmartNewsUITests.xctest */;
			productType = "com.apple.product-type.bundle.ui-testing";
		};
/* End PBXNativeTarget section */

/* Begin PBXProject section */
		0918544D2849586E000B0D62 /* Project object */ = {
			isa = PBXProject;
			attributes = {
				BuildIndependentTargetsInParallel = 1;
				LastSwiftUpdateCheck = 1340;
				LastUpgradeCheck = 1340;
				TargetAttributes = {
					091854542849586E000B0D62 = {
						CreatedOnToolsVersion = 13.4;
					};
					0918546D28495871000B0D62 = {
						CreatedOnToolsVersion = 13.4;
						TestTargetID = 091854542849586E000B0D62;
					};
					0918547728495871000B0D62 = {
						CreatedOnToolsVersion = 13.4;
						TestTargetID = 091854542849586E000B0D62;
					};
				};
			};
			buildConfigurationList = 091854502849586E000B0D62 /* Build configuration list for PBXProject "GoodsmartNews" */;
			compatibilityVersion = "Xcode 13.0";
			developmentRegion = en;
			hasScannedForEncodings = 0;
			knownRegions = (
				en,
				Base,
			);
			mainGroup = 0918544C2849586E000B0D62;
			productRefGroup = 091854562849586E000B0D62 /* Products */;
			projectDirPath = "";
			projectRoot = "";
			targets = (
				091854542849586E000B0D62 /* GoodsmartNews */,
				0918546D28495871000B0D62 /* GoodsmartNewsTests */,
				0918547728495871000B0D62 /* GoodsmartNewsUITests */,
			);
		};
/* End PBXProject section */

/* Begin PBXResourcesBuildPhase section */
		091854532849586E000B0D62 /* Resources */ = {
			isa = PBXResourcesBuildPhase;
			buildActionMask = 2147483647;
			files = (
				0918546828495870000B0D62 /* LaunchScreen.storyboard in Resources */,
				0918546528495870000B0D62 /* Assets.xcassets in Resources */,
			);
			runOnlyForDeploymentPostprocessing = 0;
		};
		0918546C28495871000B0D62 /* Resources */ = {
			isa = PBXResourcesBuildPhase;
			buildActionMask = 2147483647;
			files = (
			);
			runOnlyForDeploymentPostprocessing = 0;
		};
		0918547628495871000B0D62 /* Resources */ = {
			isa = PBXResourcesBuildPhase;
			buildActionMask = 2147483647;
			files = (
			);
			runOnlyForDeploymentPostprocessing = 0;
		};
/* End PBXResourcesBuildPhase section */

/* Begin PBXShellScriptBuildPhase section */
		1F8E5DD5819F1A72606E1C31 /* [CP] Embed Pods Frameworks */ = {
			isa = PBXShellScriptBuildPhase;
			buildActionMask = 2147483647;
			files = (
			);
			inputFileListPaths = (
				"${PODS_ROOT}/Target Support Files/Pods-GoodsmartNews/Pods-GoodsmartNews-frameworks-${CONFIGURATION}-input-files.xcfilelist",
			);
			name = "[CP] Embed Pods Frameworks";
			outputFileListPaths = (
				"${PODS_ROOT}/Target Support Files/Pods-GoodsmartNews/Pods-GoodsmartNews-frameworks-${CONFIGURATION}-output-files.xcfilelist",
			);
			runOnlyForDeploymentPostprocessing = 0;
			shellPath = /bin/sh;
			shellScript = "\"${PODS_ROOT}/Target Support Files/Pods-GoodsmartNews/Pods-GoodsmartNews-frameworks.sh\"\n";
			showEnvVarsInLog = 0;
		};
		534E367EBFD91EF68923A82A /* [CP] Check Pods Manifest.lock */ = {
			isa = PBXShellScriptBuildPhase;
			buildActionMask = 2147483647;
			files = (
			);
			inputFileListPaths = (
			);
			inputPaths = (
				"${PODS_PODFILE_DIR_PATH}/Podfile.lock",
				"${PODS_ROOT}/Manifest.lock",
			);
			name = "[CP] Check Pods Manifest.lock";
			outputFileListPaths = (
			);
			outputPaths = (
				"$(DERIVED_FILE_DIR)/Pods-GoodsmartNews-GoodsmartNewsUITests-checkManifestLockResult.txt",
			);
			runOnlyForDeploymentPostprocessing = 0;
			shellPath = /bin/sh;
			shellScript = "diff \"${PODS_PODFILE_DIR_PATH}/Podfile.lock\" \"${PODS_ROOT}/Manifest.lock\" > /dev/null\nif [ $? != 0 ] ; then\n    # print error to STDERR\n    echo \"error: The sandbox is not in sync with the Podfile.lock. Run 'pod install' or update your CocoaPods installation.\" >&2\n    exit 1\nfi\n# This output is used by Xcode 'outputs' to avoid re-running this script phase.\necho \"SUCCESS\" > \"${SCRIPT_OUTPUT_FILE_0}\"\n";
			showEnvVarsInLog = 0;
		};
		754FE78E0D7705666AD15B8A /* [CP] Check Pods Manifest.lock */ = {
			isa = PBXShellScriptBuildPhase;
			buildActionMask = 2147483647;
			files = (
			);
			inputFileListPaths = (
			);
			inputPaths = (
				"${PODS_PODFILE_DIR_PATH}/Podfile.lock",
				"${PODS_ROOT}/Manifest.lock",
			);
			name = "[CP] Check Pods Manifest.lock";
			outputFileListPaths = (
			);
			outputPaths = (
				"$(DERIVED_FILE_DIR)/Pods-GoodsmartNews-checkManifestLockResult.txt",
			);
			runOnlyForDeploymentPostprocessing = 0;
			shellPath = /bin/sh;
			shellScript = "diff \"${PODS_PODFILE_DIR_PATH}/Podfile.lock\" \"${PODS_ROOT}/Manifest.lock\" > /dev/null\nif [ $? != 0 ] ; then\n    # print error to STDERR\n    echo \"error: The sandbox is not in sync with the Podfile.lock. Run 'pod install' or update your CocoaPods installation.\" >&2\n    exit 1\nfi\n# This output is used by Xcode 'outputs' to avoid re-running this script phase.\necho \"SUCCESS\" > \"${SCRIPT_OUTPUT_FILE_0}\"\n";
			showEnvVarsInLog = 0;
		};
		CBDD2EE6B58B8A3526F2570C /* [CP] Embed Pods Frameworks */ = {
			isa = PBXShellScriptBuildPhase;
			buildActionMask = 2147483647;
			files = (
			);
			inputFileListPaths = (
				"${PODS_ROOT}/Target Support Files/Pods-GoodsmartNews-GoodsmartNewsUITests/Pods-GoodsmartNews-GoodsmartNewsUITests-frameworks-${CONFIGURATION}-input-files.xcfilelist",
			);
			name = "[CP] Embed Pods Frameworks";
			outputFileListPaths = (
				"${PODS_ROOT}/Target Support Files/Pods-GoodsmartNews-GoodsmartNewsUITests/Pods-GoodsmartNews-GoodsmartNewsUITests-frameworks-${CONFIGURATION}-output-files.xcfilelist",
			);
			runOnlyForDeploymentPostprocessing = 0;
			shellPath = /bin/sh;
			shellScript = "\"${PODS_ROOT}/Target Support Files/Pods-GoodsmartNews-GoodsmartNewsUITests/Pods-GoodsmartNews-GoodsmartNewsUITests-frameworks.sh\"\n";
			showEnvVarsInLog = 0;
		};
		E123BFD62922CF6B85F93CDE /* [CP] Check Pods Manifest.lock */ = {
			isa = PBXShellScriptBuildPhase;
			buildActionMask = 2147483647;
			files = (
			);
			inputFileListPaths = (
			);
			inputPaths = (
				"${PODS_PODFILE_DIR_PATH}/Podfile.lock",
				"${PODS_ROOT}/Manifest.lock",
			);
			name = "[CP] Check Pods Manifest.lock";
			outputFileListPaths = (
			);
			outputPaths = (
				"$(DERIVED_FILE_DIR)/Pods-GoodsmartNewsTests-checkManifestLockResult.txt",
			);
			runOnlyForDeploymentPostprocessing = 0;
			shellPath = /bin/sh;
			shellScript = "diff \"${PODS_PODFILE_DIR_PATH}/Podfile.lock\" \"${PODS_ROOT}/Manifest.lock\" > /dev/null\nif [ $? != 0 ] ; then\n    # print error to STDERR\n    echo \"error: The sandbox is not in sync with the Podfile.lock. Run 'pod install' or update your CocoaPods installation.\" >&2\n    exit 1\nfi\n# This output is used by Xcode 'outputs' to avoid re-running this script phase.\necho \"SUCCESS\" > \"${SCRIPT_OUTPUT_FILE_0}\"\n";
			showEnvVarsInLog = 0;
		};
/* End PBXShellScriptBuildPhase section */

/* Begin PBXSourcesBuildPhase section */
		091854512849586E000B0D62 /* Sources */ = {
			isa = PBXSourcesBuildPhase;
			buildActionMask = 2147483647;
			files = (
				09F0EF3C2849ADE6008F6E9B /* StocksRepository.swift in Sources */,
				091854592849586E000B0D62 /* AppDelegate.swift in Sources */,
				09F0EF312849AB13008F6E9B /* GetNewsUseCase.swift in Sources */,
				09F0EF2F2849AAF1008F6E9B /* GetStockTickersUseCase.swift in Sources */,
				09F0EF412849BDE0008F6E9B /* NewsRepository.swift in Sources */,
				09F0EF2C2849A917008F6E9B /* Article.swift in Sources */,
				09F0EF2A2849A846008F6E9B /* StockTicker.swift in Sources */,
				091854632849586E000B0D62 /* GoodsmartNews.xcdatamodeld in Sources */,
			);
			runOnlyForDeploymentPostprocessing = 0;
		};
		0918546A28495871000B0D62 /* Sources */ = {
			isa = PBXSourcesBuildPhase;
			buildActionMask = 2147483647;
			files = (
				09F0EF3F2849AF3C008F6E9B /* MockStocksRepository.swift in Sources */,
				09F0EF452849BEF3008F6E9B /* GetNewsUseCaseTests.swift in Sources */,
				09F0EF472849BF23008F6E9B /* MockNewsRepository.swift in Sources */,
				09F0EF392849AD52008F6E9B /* GetStockTickersUseCaseTests.swift in Sources */,
			);
			runOnlyForDeploymentPostprocessing = 0;
		};
		0918547428495871000B0D62 /* Sources */ = {
			isa = PBXSourcesBuildPhase;
			buildActionMask = 2147483647;
			files = (
				0918547F28495871000B0D62 /* GoodsmartNewsUITestsLaunchTests.swift in Sources */,
				0918547D28495871000B0D62 /* GoodsmartNewsUITests.swift in Sources */,
			);
			runOnlyForDeploymentPostprocessing = 0;
		};
/* End PBXSourcesBuildPhase section */

/* Begin PBXTargetDependency section */
		0918547028495871000B0D62 /* PBXTargetDependency */ = {
			isa = PBXTargetDependency;
			target = 091854542849586E000B0D62 /* GoodsmartNews */;
			targetProxy = 0918546F28495871000B0D62 /* PBXContainerItemProxy */;
		};
		0918547A28495871000B0D62 /* PBXTargetDependency */ = {
			isa = PBXTargetDependency;
			target = 091854542849586E000B0D62 /* GoodsmartNews */;
			targetProxy = 0918547928495871000B0D62 /* PBXContainerItemProxy */;
		};
/* End PBXTargetDependency section */

/* Begin PBXVariantGroup section */
		0918546628495870000B0D62 /* LaunchScreen.storyboard */ = {
			isa = PBXVariantGroup;
			children = (
				0918546728495870000B0D62 /* Base */,
			);
			name = LaunchScreen.storyboard;
			sourceTree = "<group>";
		};
/* End PBXVariantGroup section */

/* Begin XCBuildConfiguration section */
		0918548028495871000B0D62 /* Debug */ = {
			isa = XCBuildConfiguration;
			buildSettings = {
				ALWAYS_SEARCH_USER_PATHS = NO;
				CLANG_ANALYZER_NONNULL = YES;
				CLANG_ANALYZER_NUMBER_OBJECT_CONVERSION = YES_AGGRESSIVE;
				CLANG_CXX_LANGUAGE_STANDARD = "gnu++17";
				CLANG_ENABLE_MODULES = YES;
				CLANG_ENABLE_OBJC_ARC = YES;
				CLANG_ENABLE_OBJC_WEAK = YES;
				CLANG_WARN_BLOCK_CAPTURE_AUTORELEASING = YES;
				CLANG_WARN_BOOL_CONVERSION = YES;
				CLANG_WARN_COMMA = YES;
				CLANG_WARN_CONSTANT_CONVERSION = YES;
				CLANG_WARN_DEPRECATED_OBJC_IMPLEMENTATIONS = YES;
				CLANG_WARN_DIRECT_OBJC_ISA_USAGE = YES_ERROR;
				CLANG_WARN_DOCUMENTATION_COMMENTS = YES;
				CLANG_WARN_EMPTY_BODY = YES;
				CLANG_WARN_ENUM_CONVERSION = YES;
				CLANG_WARN_INFINITE_RECURSION = YES;
				CLANG_WARN_INT_CONVERSION = YES;
				CLANG_WARN_NON_LITERAL_NULL_CONVERSION = YES;
				CLANG_WARN_OBJC_IMPLICIT_RETAIN_SELF = YES;
				CLANG_WARN_OBJC_LITERAL_CONVERSION = YES;
				CLANG_WARN_OBJC_ROOT_CLASS = YES_ERROR;
				CLANG_WARN_QUOTED_INCLUDE_IN_FRAMEWORK_HEADER = YES;
				CLANG_WARN_RANGE_LOOP_ANALYSIS = YES;
				CLANG_WARN_STRICT_PROTOTYPES = YES;
				CLANG_WARN_SUSPICIOUS_MOVE = YES;
				CLANG_WARN_UNGUARDED_AVAILABILITY = YES_AGGRESSIVE;
				CLANG_WARN_UNREACHABLE_CODE = YES;
				CLANG_WARN__DUPLICATE_METHOD_MATCH = YES;
				COPY_PHASE_STRIP = NO;
				DEBUG_INFORMATION_FORMAT = dwarf;
				ENABLE_STRICT_OBJC_MSGSEND = YES;
				ENABLE_TESTABILITY = YES;
				GCC_C_LANGUAGE_STANDARD = gnu11;
				GCC_DYNAMIC_NO_PIC = NO;
				GCC_NO_COMMON_BLOCKS = YES;
				GCC_OPTIMIZATION_LEVEL = 0;
				GCC_PREPROCESSOR_DEFINITIONS = (
					"DEBUG=1",
					"$(inherited)",
				);
				GCC_WARN_64_TO_32_BIT_CONVERSION = YES;
				GCC_WARN_ABOUT_RETURN_TYPE = YES_ERROR;
				GCC_WARN_UNDECLARED_SELECTOR = YES;
				GCC_WARN_UNINITIALIZED_AUTOS = YES_AGGRESSIVE;
				GCC_WARN_UNUSED_FUNCTION = YES;
				GCC_WARN_UNUSED_VARIABLE = YES;
				IPHONEOS_DEPLOYMENT_TARGET = 15.5;
				MTL_ENABLE_DEBUG_INFO = INCLUDE_SOURCE;
				MTL_FAST_MATH = YES;
				ONLY_ACTIVE_ARCH = YES;
				SDKROOT = iphoneos;
				SWIFT_ACTIVE_COMPILATION_CONDITIONS = DEBUG;
				SWIFT_OPTIMIZATION_LEVEL = "-Onone";
			};
			name = Debug;
		};
		0918548128495871000B0D62 /* Release */ = {
			isa = XCBuildConfiguration;
			buildSettings = {
				ALWAYS_SEARCH_USER_PATHS = NO;
				CLANG_ANALYZER_NONNULL = YES;
				CLANG_ANALYZER_NUMBER_OBJECT_CONVERSION = YES_AGGRESSIVE;
				CLANG_CXX_LANGUAGE_STANDARD = "gnu++17";
				CLANG_ENABLE_MODULES = YES;
				CLANG_ENABLE_OBJC_ARC = YES;
				CLANG_ENABLE_OBJC_WEAK = YES;
				CLANG_WARN_BLOCK_CAPTURE_AUTORELEASING = YES;
				CLANG_WARN_BOOL_CONVERSION = YES;
				CLANG_WARN_COMMA = YES;
				CLANG_WARN_CONSTANT_CONVERSION = YES;
				CLANG_WARN_DEPRECATED_OBJC_IMPLEMENTATIONS = YES;
				CLANG_WARN_DIRECT_OBJC_ISA_USAGE = YES_ERROR;
				CLANG_WARN_DOCUMENTATION_COMMENTS = YES;
				CLANG_WARN_EMPTY_BODY = YES;
				CLANG_WARN_ENUM_CONVERSION = YES;
				CLANG_WARN_INFINITE_RECURSION = YES;
				CLANG_WARN_INT_CONVERSION = YES;
				CLANG_WARN_NON_LITERAL_NULL_CONVERSION = YES;
				CLANG_WARN_OBJC_IMPLICIT_RETAIN_SELF = YES;
				CLANG_WARN_OBJC_LITERAL_CONVERSION = YES;
				CLANG_WARN_OBJC_ROOT_CLASS = YES_ERROR;
				CLANG_WARN_QUOTED_INCLUDE_IN_FRAMEWORK_HEADER = YES;
				CLANG_WARN_RANGE_LOOP_ANALYSIS = YES;
				CLANG_WARN_STRICT_PROTOTYPES = YES;
				CLANG_WARN_SUSPICIOUS_MOVE = YES;
				CLANG_WARN_UNGUARDED_AVAILABILITY = YES_AGGRESSIVE;
				CLANG_WARN_UNREACHABLE_CODE = YES;
				CLANG_WARN__DUPLICATE_METHOD_MATCH = YES;
				COPY_PHASE_STRIP = NO;
				DEBUG_INFORMATION_FORMAT = "dwarf-with-dsym";
				ENABLE_NS_ASSERTIONS = NO;
				ENABLE_STRICT_OBJC_MSGSEND = YES;
				GCC_C_LANGUAGE_STANDARD = gnu11;
				GCC_NO_COMMON_BLOCKS = YES;
				GCC_WARN_64_TO_32_BIT_CONVERSION = YES;
				GCC_WARN_ABOUT_RETURN_TYPE = YES_ERROR;
				GCC_WARN_UNDECLARED_SELECTOR = YES;
				GCC_WARN_UNINITIALIZED_AUTOS = YES_AGGRESSIVE;
				GCC_WARN_UNUSED_FUNCTION = YES;
				GCC_WARN_UNUSED_VARIABLE = YES;
				IPHONEOS_DEPLOYMENT_TARGET = 15.5;
				MTL_ENABLE_DEBUG_INFO = NO;
				MTL_FAST_MATH = YES;
				SDKROOT = iphoneos;
				SWIFT_COMPILATION_MODE = wholemodule;
				SWIFT_OPTIMIZATION_LEVEL = "-O";
				VALIDATE_PRODUCT = YES;
			};
			name = Release;
		};
		0918548328495871000B0D62 /* Debug */ = {
			isa = XCBuildConfiguration;
			baseConfigurationReference = C0D7004EF61B17196DF3B49B /* Pods-GoodsmartNews.debug.xcconfig */;
			buildSettings = {
				ASSETCATALOG_COMPILER_APPICON_NAME = AppIcon;
				ASSETCATALOG_COMPILER_GLOBAL_ACCENT_COLOR_NAME = AccentColor;
				CODE_SIGN_STYLE = Automatic;
				CURRENT_PROJECT_VERSION = 1;
				GENERATE_INFOPLIST_FILE = YES;
				INFOPLIST_FILE = GoodsmartNews/Info.plist;
				INFOPLIST_KEY_UIApplicationSupportsIndirectInputEvents = YES;
				INFOPLIST_KEY_UILaunchStoryboardName = LaunchScreen;
				INFOPLIST_KEY_UISupportedInterfaceOrientations_iPad = "UIInterfaceOrientationPortrait UIInterfaceOrientationPortraitUpsideDown UIInterfaceOrientationLandscapeLeft UIInterfaceOrientationLandscapeRight";
				INFOPLIST_KEY_UISupportedInterfaceOrientations_iPhone = "UIInterfaceOrientationPortrait UIInterfaceOrientationLandscapeLeft UIInterfaceOrientationLandscapeRight";
				LD_RUNPATH_SEARCH_PATHS = (
					"$(inherited)",
					"@executable_path/Frameworks",
				);
				MARKETING_VERSION = 1.0;
				PRODUCT_BUNDLE_IDENTIFIER = com.ahmed.GoodsmartNews;
				PRODUCT_NAME = "$(TARGET_NAME)";
				SWIFT_EMIT_LOC_STRINGS = YES;
				SWIFT_VERSION = 5.0;
				TARGETED_DEVICE_FAMILY = "1,2";
			};
			name = Debug;
		};
		0918548428495871000B0D62 /* Release */ = {
			isa = XCBuildConfiguration;
			baseConfigurationReference = 492636FD34FB67C4C9AD5B91 /* Pods-GoodsmartNews.release.xcconfig */;
			buildSettings = {
				ASSETCATALOG_COMPILER_APPICON_NAME = AppIcon;
				ASSETCATALOG_COMPILER_GLOBAL_ACCENT_COLOR_NAME = AccentColor;
				CODE_SIGN_STYLE = Automatic;
				CURRENT_PROJECT_VERSION = 1;
				GENERATE_INFOPLIST_FILE = YES;
				INFOPLIST_FILE = GoodsmartNews/Info.plist;
				INFOPLIST_KEY_UIApplicationSupportsIndirectInputEvents = YES;
				INFOPLIST_KEY_UILaunchStoryboardName = LaunchScreen;
				INFOPLIST_KEY_UISupportedInterfaceOrientations_iPad = "UIInterfaceOrientationPortrait UIInterfaceOrientationPortraitUpsideDown UIInterfaceOrientationLandscapeLeft UIInterfaceOrientationLandscapeRight";
				INFOPLIST_KEY_UISupportedInterfaceOrientations_iPhone = "UIInterfaceOrientationPortrait UIInterfaceOrientationLandscapeLeft UIInterfaceOrientationLandscapeRight";
				LD_RUNPATH_SEARCH_PATHS = (
					"$(inherited)",
					"@executable_path/Frameworks",
				);
				MARKETING_VERSION = 1.0;
				PRODUCT_BUNDLE_IDENTIFIER = com.ahmed.GoodsmartNews;
				PRODUCT_NAME = "$(TARGET_NAME)";
				SWIFT_EMIT_LOC_STRINGS = YES;
				SWIFT_VERSION = 5.0;
				TARGETED_DEVICE_FAMILY = "1,2";
			};
			name = Release;
		};
		0918548628495871000B0D62 /* Debug */ = {
			isa = XCBuildConfiguration;
			baseConfigurationReference = 8C6BFF51C3996D1F8E535EB5 /* Pods-GoodsmartNewsTests.debug.xcconfig */;
			buildSettings = {
				ALWAYS_EMBED_SWIFT_STANDARD_LIBRARIES = YES;
				BUNDLE_LOADER = "$(TEST_HOST)";
				CODE_SIGN_STYLE = Automatic;
				CURRENT_PROJECT_VERSION = 1;
				GENERATE_INFOPLIST_FILE = YES;
				IPHONEOS_DEPLOYMENT_TARGET = 15.5;
				MARKETING_VERSION = 1.0;
				PRODUCT_BUNDLE_IDENTIFIER = com.ahmed.GoodsmartNewsTests;
				PRODUCT_NAME = "$(TARGET_NAME)";
				SWIFT_EMIT_LOC_STRINGS = NO;
				SWIFT_VERSION = 5.0;
				TARGETED_DEVICE_FAMILY = "1,2";
				TEST_HOST = "$(BUILT_PRODUCTS_DIR)/GoodsmartNews.app/GoodsmartNews";
			};
			name = Debug;
		};
		0918548728495871000B0D62 /* Release */ = {
			isa = XCBuildConfiguration;
			baseConfigurationReference = 2ED14C4ECFA79D7B1941264B /* Pods-GoodsmartNewsTests.release.xcconfig */;
			buildSettings = {
				ALWAYS_EMBED_SWIFT_STANDARD_LIBRARIES = YES;
				BUNDLE_LOADER = "$(TEST_HOST)";
				CODE_SIGN_STYLE = Automatic;
				CURRENT_PROJECT_VERSION = 1;
				GENERATE_INFOPLIST_FILE = YES;
				IPHONEOS_DEPLOYMENT_TARGET = 15.5;
				MARKETING_VERSION = 1.0;
				PRODUCT_BUNDLE_IDENTIFIER = com.ahmed.GoodsmartNewsTests;
				PRODUCT_NAME = "$(TARGET_NAME)";
				SWIFT_EMIT_LOC_STRINGS = NO;
				SWIFT_VERSION = 5.0;
				TARGETED_DEVICE_FAMILY = "1,2";
				TEST_HOST = "$(BUILT_PRODUCTS_DIR)/GoodsmartNews.app/GoodsmartNews";
			};
			name = Release;
		};
		0918548928495871000B0D62 /* Debug */ = {
			isa = XCBuildConfiguration;
			baseConfigurationReference = 27472761A15FF0E4CCE08085 /* Pods-GoodsmartNews-GoodsmartNewsUITests.debug.xcconfig */;
			buildSettings = {
				ALWAYS_EMBED_SWIFT_STANDARD_LIBRARIES = YES;
				CODE_SIGN_STYLE = Automatic;
				CURRENT_PROJECT_VERSION = 1;
				GENERATE_INFOPLIST_FILE = YES;
				MARKETING_VERSION = 1.0;
				PRODUCT_BUNDLE_IDENTIFIER = com.ahmed.GoodsmartNewsUITests;
				PRODUCT_NAME = "$(TARGET_NAME)";
				SWIFT_EMIT_LOC_STRINGS = NO;
				SWIFT_VERSION = 5.0;
				TARGETED_DEVICE_FAMILY = "1,2";
				TEST_TARGET_NAME = GoodsmartNews;
			};
			name = Debug;
		};
		0918548A28495871000B0D62 /* Release */ = {
			isa = XCBuildConfiguration;
			baseConfigurationReference = 081EFE022390365297AD7ADB /* Pods-GoodsmartNews-GoodsmartNewsUITests.release.xcconfig */;
			buildSettings = {
				ALWAYS_EMBED_SWIFT_STANDARD_LIBRARIES = YES;
				CODE_SIGN_STYLE = Automatic;
				CURRENT_PROJECT_VERSION = 1;
				GENERATE_INFOPLIST_FILE = YES;
				MARKETING_VERSION = 1.0;
				PRODUCT_BUNDLE_IDENTIFIER = com.ahmed.GoodsmartNewsUITests;
				PRODUCT_NAME = "$(TARGET_NAME)";
				SWIFT_EMIT_LOC_STRINGS = NO;
				SWIFT_VERSION = 5.0;
				TARGETED_DEVICE_FAMILY = "1,2";
				TEST_TARGET_NAME = GoodsmartNews;
			};
			name = Release;
		};
/* End XCBuildConfiguration section */

/* Begin XCConfigurationList section */
		091854502849586E000B0D62 /* Build configuration list for PBXProject "GoodsmartNews" */ = {
			isa = XCConfigurationList;
			buildConfigurations = (
				0918548028495871000B0D62 /* Debug */,
				0918548128495871000B0D62 /* Release */,
			);
			defaultConfigurationIsVisible = 0;
			defaultConfigurationName = Release;
		};
		0918548228495871000B0D62 /* Build configuration list for PBXNativeTarget "GoodsmartNews" */ = {
			isa = XCConfigurationList;
			buildConfigurations = (
				0918548328495871000B0D62 /* Debug */,
				0918548428495871000B0D62 /* Release */,
			);
			defaultConfigurationIsVisible = 0;
			defaultConfigurationName = Release;
		};
		0918548528495871000B0D62 /* Build configuration list for PBXNativeTarget "GoodsmartNewsTests" */ = {
			isa = XCConfigurationList;
			buildConfigurations = (
				0918548628495871000B0D62 /* Debug */,
				0918548728495871000B0D62 /* Release */,
			);
			defaultConfigurationIsVisible = 0;
			defaultConfigurationName = Release;
		};
		0918548828495871000B0D62 /* Build configuration list for PBXNativeTarget "GoodsmartNewsUITests" */ = {
			isa = XCConfigurationList;
			buildConfigurations = (
				0918548928495871000B0D62 /* Debug */,
				0918548A28495871000B0D62 /* Release */,
			);
			defaultConfigurationIsVisible = 0;
			defaultConfigurationName = Release;
		};
/* End XCConfigurationList section */

/* Begin XCVersionGroup section */
		091854612849586E000B0D62 /* GoodsmartNews.xcdatamodeld */ = {
			isa = XCVersionGroup;
			children = (
				091854622849586E000B0D62 /* GoodsmartNews.xcdatamodel */,
			);
			currentVersion = 091854622849586E000B0D62 /* GoodsmartNews.xcdatamodel */;
			path = GoodsmartNews.xcdatamodeld;
			sourceTree = "<group>";
			versionGroupType = wrapper.xcdatamodel;
		};
/* End XCVersionGroup section */
	};
	rootObject = 0918544D2849586E000B0D62 /* Project object */;
}
